# THIS IS AN AUTOGENERATED FILE. DO NOT EDIT THIS FILE DIRECTLY.
# yarn lockfile v1


eslint-config-prettier@^8.5.0:
  version "8.5.0"
  resolved "https://registry.yarnpkg.com/eslint-config-prettier/-/eslint-config-prettier-8.5.0.tgz#5a81680ec934beca02c7b1a61cf8ca34b66feab1"
  integrity sha512-obmWKLUNCnhtQRKc+tmnYuQl0pFU1ibYJQ5BGhTVB08bHe9wC8qUeG7c08dj9XX+AuPj1YSGSQIHl1pnDHZR0Q==

eslint-plugin-prettier@^4.0.0:
  version "4.0.0"
  resolved "https://registry.yarnpkg.com/eslint-plugin-prettier/-/eslint-plugin-prettier-4.0.0.tgz#8b99d1e4b8b24a762472b4567992023619cb98e0"
  integrity sha512-98MqmCJ7vJodoQK359bqQWaxOE0CS8paAz/GgjaZLyex4TTk3g9HugoO89EqWCrFiOqn9EVvcoo7gZzONCWVwQ==
  dependencies:
    prettier-linter-helpers "^1.0.0"

fast-deep-equal@^2.0.1:
  version "2.0.1"
  resolved "https://registry.yarnpkg.com/fast-deep-equal/-/fast-deep-equal-2.0.1.tgz#7b05218ddf9667bf7f370bf7fdb2cb15fdd0aa49"
  integrity sha1-ewUhjd+WZ79/Nwv3/bLLFf3Qqkk=

fast-diff@^1.1.2:
  version "1.2.0"
  resolved "https://registry.yarnpkg.com/fast-diff/-/fast-diff-1.2.0.tgz#73ee11982d86caaf7959828d519cfe927fac5f03"
  integrity sha512-xJuoT5+L99XlZ8twedaRf6Ax2TgQVxvgZOYoPKqZufmJib0tL2tegPBOZb1pVNgIhlqDlA0eO0c3wBvQcmzx4w==

miniprogram-computed@^4.3.8:
  version "4.3.8"
  resolved "https://registry.yarnpkg.com/miniprogram-computed/-/miniprogram-computed-4.3.8.tgz#e36f604a534943a842ec2d6e7eb90cf6ff81dbb5"
  integrity sha512-37MqgVPpU7Z2Iy9Y9vYlhDUDQw7ae5VWf+3NyURwEn2e7FOJUVop9JXysUWgA2SgPZawNizGHSghfMqYYJjG6g==
  dependencies:
    fast-deep-equal "^2.0.1"
    rfdc "^1.1.4"

prettier-linter-helpers@^1.0.0:
  version "1.0.0"
  resolved "https://registry.yarnpkg.com/prettier-linter-helpers/-/prettier-linter-helpers-1.0.0.tgz#d23d41fe1375646de2d0104d3454a3008802cf7b"
  integrity sha512-GbK2cP9nraSSUF9N2XwUwqfzlAFlMNYYl+ShE/V+H8a9uNl/oUqB1w2EL54Jh0OlyRSd8RfWYJ3coVS4TROP2w==
  dependencies:
    fast-diff "^1.1.2"

prettier@^2.6.1:
  version "2.6.1"
  resolved "https://registry.yarnpkg.com/prettier/-/prettier-2.6.1.tgz#d472797e0d7461605c1609808e27b80c0f9cfe17"
  integrity sha512-8UVbTBYGwN37Bs9LERmxCPjdvPxlEowx2urIL6urHzdb3SDq4B/Z6xLFCblrSnE4iKWcS6ziJ3aOYrc1kz/E2A==

rfdc@^1.1.4, rfdc@^1.3.0:
  version "1.3.0"
  resolved "https://registry.yarnpkg.com/rfdc/-/rfdc-1.3.0.tgz#d0b7c441ab2720d05dc4cf26e01c89631d9da08b"
  integrity sha512-V2hovdzFbOi77/WajaSMXk2OLm+xNIeQdMMuB7icj7bk6zi2F8GGAxigcnDFpJHbNyNcgyJDiP+8nOrY5cZGrA==

westore@^0.1.9:
  version "0.1.9"
  resolved "https://registry.yarnpkg.com/westore/-/westore-0.1.9.tgz#c5f43465cbd93b5f3c8784a67d82cfad63166c32"
  integrity sha512-XhYv8UUzlvBgkU0YKHF//i6TYpBaV0vY9irunIypANv1qfUKvKC8C5G8s8/tQczNMEGSr5qkCNgCl/uNaEqElg==
  dependencies:
    rfdc "^1.3.0"

weui-miniprogram@^1.0.8:
  version "1.2.3"
  resolved "https://registry.yarnpkg.com/weui-miniprogram/-/weui-miniprogram-1.2.3.tgz#c966cdd56ec3e73c11ed8caff884fad10076feea"
  integrity sha512-PFlPKnIVTkt3CMrasTVKFEoDO4kfy1i3p4g8iU255ydZnxieGpHGa1d5gvVH9qpmxMPoIpjN57YoP/drLbJQrg==
